
Microsoft Visual Studio Solution File, Format Version 12.00
# Visual Studio Version 16
VisualStudioVersion = 16.0.29306.81
MinimumVisualStudioVersion = 10.0.40219.1
Project("{FAE04EC0-301F-11D3-BF4B-00C04F79EFBC}") = "POETradeBotTest", "POETradeBotTest.csproj", "{4163B976-85B0-41BA-A144-7DA02AEE4644}"
EndProject
Global
	GlobalSection(SolutionConfigurationPlatforms) = preSolution
		Debug|Any CPU = Debug|Any CPU
		Release|Any CPU = Release|Any CPU
	EndGlobalSection
	GlobalSection(ProjectConfigurationPlatforms) = postSolution
		{4163B976-85B0-41BA-A144-7DA02AEE4644}.Debug|Any CPU.ActiveCfg = Debug|Any CPU
		{4163B976-85B0-41BA-A144-7DA02AEE4644}.Debug|Any CPU.Build.0 = Debug|Any CPU
		{4163B976-85B0-41BA-A144-7DA02AEE4644}.Release|Any CPU.ActiveCfg = Release|Any CPU
		{4163B976-85B0-41BA-A144-7DA02AEE4644}.Release|Any CPU.Build.0 = Release|Any CPU
	EndGlobalSection
	GlobalSection(SolutionProperties) = preSolution
		HideSolutionNode = FALSE
	EndGlobalSection
	GlobalSection(ExtensibilityGlobals) = postSolution
		SolutionGuid = {CF9120C8-4866-4A90-944B-14CD4C76387E}
	EndGlobalSection
EndGlobal
